// !$*UTF8*$!
{
	archiveVersion = 1;
	classes = {
	};
	objectVersion = 56;
	objects = {

/* Begin PBXBuildFile section */
		CE687AE02BFF6498009F96C8 /* Concurrency_ExplorerApp.swift in Sources */ = {isa = PBXBuildFile; fileRef = CE687ADF2BFF6498009F96C8 /* Concurrency_ExplorerApp.swift */; };
		CE687AE22BFF6498009F96C8 /* MainUI.swift in Sources */ = {isa = PBXBuildFile; fileRef = CE687AE12BFF6498009F96C8 /* MainUI.swift */; };
		CE687AE42BFF6499009F96C8 /* Assets.xcassets in Resources */ = {isa = PBXBuildFile; fileRef = CE687AE32BFF6499009F96C8 /* Assets.xcassets */; };
		CE687AE72BFF6499009F96C8 /* Preview Assets.xcassets in Resources */ = {isa = PBXBuildFile; fileRef = CE687AE62BFF6499009F96C8 /* Preview Assets.xcassets */; };
		CE98A6B62C889D7600C6FE83 /* StreamReaderViewModel.swift in Sources */ = {isa = PBXBuildFile; fileRef = CE98A6B52C889D7600C6FE83 /* StreamReaderViewModel.swift */; };
		CEDEC4A72C04B118006CE526 /* CustomButtons.swift in Sources */ = {isa = PBXBuildFile; fileRef = CEDEC4A62C04B118006CE526 /* CustomButtons.swift */; };
		CEE87FAC2C4A944700557171 /* FileHandler.swift in Sources */ = {isa = PBXBuildFile; fileRef = CEE87FAB2C4A944700557171 /* FileHandler.swift */; };
/* End PBXBuildFile section */

/* Begin PBXFileReference section */
		CE687ADC2BFF6498009F96C8 /* Concurrency Explorer.app */ = {isa = PBXFileReference; explicitFileType = wrapper.application; includeInIndex = 0; path = "Concurrency Explorer.app"; sourceTree = BUILT_PRODUCTS_DIR; };
		CE687ADF2BFF6498009F96C8 /* Concurrency_ExplorerApp.swift */ = {isa = PBXFileReference; lastKnownFileType = sourcecode.swift; path = Concurrency_ExplorerApp.swift; sourceTree = "<group>"; };
		CE687AE12BFF6498009F96C8 /* MainUI.swift */ = {isa = PBXFileReference; lastKnownFileType = sourcecode.swift; path = MainUI.swift; sourceTree = "<group>"; };
		CE687AE32BFF6499009F96C8 /* Assets.xcassets */ = {isa = PBXFileReference; lastKnownFileType = folder.assetcatalog; path = Assets.xcassets; sourceTree = "<group>"; };
		CE687AE62BFF6499009F96C8 /* Preview Assets.xcassets */ = {isa = PBXFileReference; lastKnownFileType = folder.assetcatalog; path = "Preview Assets.xcassets"; sourceTree = "<group>"; };
		CE687AE82BFF6499009F96C8 /* Concurrency_Explorer.entitlements */ = {isa = PBXFileReference; lastKnownFileType = text.plist.entitlements; path = Concurrency_Explorer.entitlements; sourceTree = "<group>"; };
		CE98A6B52C889D7600C6FE83 /* StreamReaderViewModel.swift */ = {isa = PBXFileReference; lastKnownFileType = sourcecode.swift; path = StreamReaderViewModel.swift; sourceTree = "<group>"; };
		CEDEC4A62C04B118006CE526 /* CustomButtons.swift */ = {isa = PBXFileReference; lastKnownFileType = sourcecode.swift; path = CustomButtons.swift; sourceTree = "<group>"; };
		CEE87FAB2C4A944700557171 /* FileHandler.swift */ = {isa = PBXFileReference; lastKnownFileType = sourcecode.swift; path = FileHandler.swift; sourceTree = "<group>"; };
/* End PBXFileReference section */

/* Begin PBXFrameworksBuildPhase section */
		CE687AD92BFF6498009F96C8 /* Frameworks */ = {
			isa = PBXFrameworksBuildPhase;
			buildActionMask = 2147483647;
			files = (
			);
			runOnlyForDeploymentPostprocessing = 0;
		};
/* End PBXFrameworksBuildPhase section */

/* Begin PBXGroup section */
		CE687AD32BFF6498009F96C8 = {
			isa = PBXGroup;
			children = (
				CE687ADE2BFF6498009F96C8 /* Concurrency Explorer */,
				CE687ADD2BFF6498009F96C8 /* Products */,
			);
			sourceTree = "<group>";
		};
		CE687ADD2BFF6498009F96C8 /* Products */ = {
			isa = PBXGroup;
			children = (
				CE687ADC2BFF6498009F96C8 /* Concurrency Explorer.app */,
			);
			name = Products;
			sourceTree = "<group>";
		};
		CE687ADE2BFF6498009F96C8 /* Concurrency Explorer */ = {
			isa = PBXGroup;
			children = (
				CEDEC4A52C04B0E3006CE526 /* Custom ui elements */,
				CE687ADF2BFF6498009F96C8 /* Concurrency_ExplorerApp.swift */,
				CE687AE12BFF6498009F96C8 /* MainUI.swift */,
				CE687AE32BFF6499009F96C8 /* Assets.xcassets */,
				CE687AE82BFF6499009F96C8 /* Concurrency_Explorer.entitlements */,
				CE687AE52BFF6499009F96C8 /* Preview Content */,
				CEE87FAB2C4A944700557171 /* FileHandler.swift */,
				CE98A6B52C889D7600C6FE83 /* StreamReaderViewModel.swift */,
			);
			path = "Concurrency Explorer";
			sourceTree = "<group>";
		};
		CE687AE52BFF6499009F96C8 /* Preview Content */ = {
			isa = PBXGroup;
			children = (
				CE687AE62BFF6499009F96C8 /* Preview Assets.xcassets */,
			);
			path = "Preview Content";
			sourceTree = "<group>";
		};
		CEDEC4A52C04B0E3006CE526 /* Custom ui elements */ = {
			isa = PBXGroup;
			children = (
				CEDEC4A62C04B118006CE526 /* CustomButtons.swift */,
			);
			path = "Custom ui elements";
			sourceTree = "<group>";
		};
/* End PBXGroup section */

/* Begin PBXNativeTarget section */
		CE687ADB2BFF6498009F96C8 /* Concurrency Explorer */ = {
			isa = PBXNativeTarget;
			buildConfigurationList = CE687AEB2BFF6499009F96C8 /* Build configuration list for PBXNativeTarget "Concurrency Explorer" */;
			buildPhases = (
				CE687AD82BFF6498009F96C8 /* Sources */,
				CE687AD92BFF6498009F96C8 /* Frameworks */,
				CE687ADA2BFF6498009F96C8 /* Resources */,
			);
			buildRules = (
			);
			dependencies = (
			);
			name = "Concurrency Explorer";
			productName = "Concurrency Explorer";
			productReference = CE687ADC2BFF6498009F96C8 /* Concurrency Explorer.app */;
			productType = "com.apple.product-type.application";
		};
/* End PBXNativeTarget section */

/* Begin PBXProject section */
		CE687AD42BFF6498009F96C8 /* Project object */ = {
			isa = PBXProject;
			attributes = {
				BuildIndependentTargetsInParallel = 1;
				LastSwiftUpdateCheck = 1540;
				LastUpgradeCheck = 1540;
				TargetAttributes = {
					CE687ADB2BFF6498009F96C8 = {
						CreatedOnToolsVersion = 15.4;
					};
				};
			};
			buildConfigurationList = CE687AD72BFF6498009F96C8 /* Build configuration list for PBXProject "Concurrency Explorer" */;
			compatibilityVersion = "Xcode 14.0";
			developmentRegion = en;
			hasScannedForEncodings = 0;
			knownRegions = (
				en,
				Base,
			);
			mainGroup = CE687AD32BFF6498009F96C8;
			productRefGroup = CE687ADD2BFF6498009F96C8 /* Products */;
			projectDirPath = "";
			projectRoot = "";
			targets = (
				CE687ADB2BFF6498009F96C8 /* Concurrency Explorer */,
			);
		};
/* End PBXProject section */

/* Begin PBXResourcesBuildPhase section */
		CE687ADA2BFF6498009F96C8 /* Resources */ = {
			isa = PBXResourcesBuildPhase;
			buildActionMask = 2147483647;
			files = (
				CE687AE72BFF6499009F96C8 /* Preview Assets.xcassets in Resources */,
				CE687AE42BFF6499009F96C8 /* Assets.xcassets in Resources */,
			);
			runOnlyForDeploymentPostprocessing = 0;
		};
/* End PBXResourcesBuildPhase section */

/* Begin PBXSourcesBuildPhase section */
		CE687AD82BFF6498009F96C8 /* Sources */ = {
			isa = PBXSourcesBuildPhase;
			buildActionMask = 2147483647;
			files = (
				CE687AE22BFF6498009F96C8 /* MainUI.swift in Sources */,
				CE98A6B62C889D7600C6FE83 /* StreamReaderViewModel.swift in Sources */,
				CEDEC4A72C04B118006CE526 /* CustomButtons.swift in Sources */,
				CEE87FAC2C4A944700557171 /* FileHandler.swift in Sources */,
				CE687AE02BFF6498009F96C8 /* Concurrency_ExplorerApp.swift in Sources */,
			);
			runOnlyForDeploymentPostprocessing = 0;
		};
/* End PBXSourcesBuildPhase section */

/* Begin XCBuildConfiguration section */
		CE687AE92BFF6499009F96C8 /* Debug */ = {
			isa = XCBuildConfiguration;
			buildSettings = {
				ALWAYS_SEARCH_USER_PATHS = NO;
				ASSETCATALOG_COMPILER_GENERATE_SWIFT_ASSET_SYMBOL_EXTENSIONS = YES;
				CLANG_ANALYZER_NONNULL = YES;
				CLANG_ANALYZER_NUMBER_OBJECT_CONVERSION = YES_AGGRESSIVE;
				CLANG_CXX_LANGUAGE_STANDARD = "gnu++20";
				CLANG_ENABLE_MODULES = YES;
				CLANG_ENABLE_OBJC_ARC = YES;
				CLANG_ENABLE_OBJC_WEAK = YES;
				CLANG_WARN_BLOCK_CAPTURE_AUTORELEASING = YES;
				CLANG_WARN_BOOL_CONVERSION = YES;
				CLANG_WARN_COMMA = YES;
				CLANG_WARN_CONSTANT_CONVERSION = YES;
				CLANG_WARN_DEPRECATED_OBJC_IMPLEMENTATIONS = YES;
				CLANG_WARN_DIRECT_OBJC_ISA_USAGE = YES_ERROR;
				CLANG_WARN_DOCUMENTATION_COMMENTS = YES;
				CLANG_WARN_EMPTY_BODY = YES;
				CLANG_WARN_ENUM_CONVERSION = YES;
				CLANG_WARN_INFINITE_RECURSION = YES;
				CLANG_WARN_INT_CONVERSION = YES;
				CLANG_WARN_NON_LITERAL_NULL_CONVERSION = YES;
				CLANG_WARN_OBJC_IMPLICIT_RETAIN_SELF = YES;
				CLANG_WARN_OBJC_LITERAL_CONVERSION = YES;
				CLANG_WARN_OBJC_ROOT_CLASS = YES_ERROR;
				CLANG_WARN_QUOTED_INCLUDE_IN_FRAMEWORK_HEADER = YES;
				CLANG_WARN_RANGE_LOOP_ANALYSIS = YES;
				CLANG_WARN_STRICT_PROTOTYPES = YES;
				CLANG_WARN_SUSPICIOUS_MOVE = YES;
				CLANG_WARN_UNGUARDED_AVAILABILITY = YES_AGGRESSIVE;
				CLANG_WARN_UNREACHABLE_CODE = YES;
				CLANG_WARN__DUPLICATE_METHOD_MATCH = YES;
				COPY_PHASE_STRIP = NO;
				DEBUG_INFORMATION_FORMAT = dwarf;
				ENABLE_STRICT_OBJC_MSGSEND = YES;
				ENABLE_TESTABILITY = YES;
				ENABLE_USER_SCRIPT_SANDBOXING = YES;
				GCC_C_LANGUAGE_STANDARD = gnu17;
				GCC_DYNAMIC_NO_PIC = NO;
				GCC_NO_COMMON_BLOCKS = YES;
				GCC_OPTIMIZATION_LEVEL = 0;
				GCC_PREPROCESSOR_DEFINITIONS = (
					"DEBUG=1",
					"$(inherited)",
				);
				GCC_WARN_64_TO_32_BIT_CONVERSION = YES;
				GCC_WARN_ABOUT_RETURN_TYPE = YES_ERROR;
				GCC_WARN_UNDECLARED_SELECTOR = YES;
				GCC_WARN_UNINITIALIZED_AUTOS = YES_AGGRESSIVE;
				GCC_WARN_UNUSED_FUNCTION = YES;
				GCC_WARN_UNUSED_VARIABLE = YES;
				LOCALIZATION_PREFERS_STRING_CATALOGS = YES;
				MACOSX_DEPLOYMENT_TARGET = 14.2;
				MTL_ENABLE_DEBUG_INFO = INCLUDE_SOURCE;
				MTL_FAST_MATH = YES;
				ONLY_ACTIVE_ARCH = YES;
				SDKROOT = macosx;
				SWIFT_ACTIVE_COMPILATION_CONDITIONS = "DEBUG $(inherited)";
				SWIFT_OPTIMIZATION_LEVEL = "-Onone";
			};
			name = Debug;
		};
		CE687AEA2BFF6499009F96C8 /* Release */ = {
			isa = XCBuildConfiguration;
			buildSettings = {
				ALWAYS_SEARCH_USER_PATHS = NO;
				ASSETCATALOG_COMPILER_GENERATE_SWIFT_ASSET_SYMBOL_EXTENSIONS = YES;
				CLANG_ANALYZER_NONNULL = YES;
				CLANG_ANALYZER_NUMBER_OBJECT_CONVERSION = YES_AGGRESSIVE;
				CLANG_CXX_LANGUAGE_STANDARD = "gnu++20";
				CLANG_ENABLE_MODULES = YES;
				CLANG_ENABLE_OBJC_ARC = YES;
				CLANG_ENABLE_OBJC_WEAK = YES;
				CLANG_WARN_BLOCK_CAPTURE_AUTORELEASING = YES;
				CLANG_WARN_BOOL_CONVERSION = YES;
				CLANG_WARN_COMMA = YES;
				CLANG_WARN_CONSTANT_CONVERSION = YES;
				CLANG_WARN_DEPRECATED_OBJC_IMPLEMENTATIONS = YES;
				CLANG_WARN_DIRECT_OBJC_ISA_USAGE = YES_ERROR;
				CLANG_WARN_DOCUMENTATION_COMMENTS = YES;
				CLANG_WARN_EMPTY_BODY = YES;
				CLANG_WARN_ENUM_CONVERSION = YES;
				CLANG_WARN_INFINITE_RECURSION = YES;
				CLANG_WARN_INT_CONVERSION = YES;
				CLANG_WARN_NON_LITERAL_NULL_CONVERSION = YES;
				CLANG_WARN_OBJC_IMPLICIT_RETAIN_SELF = YES;
				CLANG_WARN_OBJC_LITERAL_CONVERSION = YES;
				CLANG_WARN_OBJC_ROOT_CLASS = YES_ERROR;
				CLANG_WARN_QUOTED_INCLUDE_IN_FRAMEWORK_HEADER = YES;
				CLANG_WARN_RANGE_LOOP_ANALYSIS = YES;
				CLANG_WARN_STRICT_PROTOTYPES = YES;
				CLANG_WARN_SUSPICIOUS_MOVE = YES;
				CLANG_WARN_UNGUARDED_AVAILABILITY = YES_AGGRESSIVE;
				CLANG_WARN_UNREACHABLE_CODE = YES;
				CLANG_WARN__DUPLICATE_METHOD_MATCH = YES;
				COPY_PHASE_STRIP = NO;
				DEBUG_INFORMATION_FORMAT = "dwarf-with-dsym";
				ENABLE_NS_ASSERTIONS = NO;
				ENABLE_STRICT_OBJC_MSGSEND = YES;
				ENABLE_USER_SCRIPT_SANDBOXING = YES;
				GCC_C_LANGUAGE_STANDARD = gnu17;
				GCC_NO_COMMON_BLOCKS = YES;
				GCC_WARN_64_TO_32_BIT_CONVERSION = YES;
				GCC_WARN_ABOUT_RETURN_TYPE = YES_ERROR;
				GCC_WARN_UNDECLARED_SELECTOR = YES;
				GCC_WARN_UNINITIALIZED_AUTOS = YES_AGGRESSIVE;
				GCC_WARN_UNUSED_FUNCTION = YES;
				GCC_WARN_UNUSED_VARIABLE = YES;
				LOCALIZATION_PREFERS_STRING_CATALOGS = YES;
				MACOSX_DEPLOYMENT_TARGET = 14.2;
				MTL_ENABLE_DEBUG_INFO = NO;
				MTL_FAST_MATH = YES;
				SDKROOT = macosx;
				SWIFT_COMPILATION_MODE = wholemodule;
			};
			name = Release;
		};
		CE687AEC2BFF6499009F96C8 /* Debug */ = {
			isa = XCBuildConfiguration;
			buildSettings = {
				ASSETCATALOG_COMPILER_APPICON_NAME = AppIcon;
				ASSETCATALOG_COMPILER_GLOBAL_ACCENT_COLOR_NAME = AccentColor;
				CODE_SIGN_ENTITLEMENTS = "Concurrency Explorer/Concurrency_Explorer.entitlements";
				CODE_SIGN_STYLE = Automatic;
				COMBINE_HIDPI_IMAGES = YES;
				CURRENT_PROJECT_VERSION = 1;
				DEVELOPMENT_ASSET_PATHS = "\"Concurrency Explorer/Preview Content\"";
				DEVELOPMENT_TEAM = 96MJ6Q33GX;
				ENABLE_HARDENED_RUNTIME = YES;
				ENABLE_PREVIEWS = YES;
				GENERATE_INFOPLIST_FILE = YES;
				INFOPLIST_KEY_NSHumanReadableCopyright = "";
				LD_RUNPATH_SEARCH_PATHS = (
					"$(inherited)",
					"@executable_path/../Frameworks",
				);
				MARKETING_VERSION = 1.0;
				PRODUCT_BUNDLE_IDENTIFIER = "apriorit.Concurrency-Explorer";
				PRODUCT_NAME = "$(TARGET_NAME)";
				SWIFT_EMIT_LOC_STRINGS = YES;
				SWIFT_VERSION = 5.0;
			};
			name = Debug;
		};
		CE687AED2BFF6499009F96C8 /* Release */ = {
			isa = XCBuildConfiguration;
			buildSettings = {
				ASSETCATALOG_COMPILER_APPICON_NAME = AppIcon;
				ASSETCATALOG_COMPILER_GLOBAL_ACCENT_COLOR_NAME = AccentColor;
				CODE_SIGN_ENTITLEMENTS = "Concurrency Explorer/Concurrency_Explorer.entitlements";
				CODE_SIGN_STYLE = Automatic;
				COMBINE_HIDPI_IMAGES = YES;
				CURRENT_PROJECT_VERSION = 1;
				DEVELOPMENT_ASSET_PATHS = "\"Concurrency Explorer/Preview Content\"";
				DEVELOPMENT_TEAM = 96MJ6Q33GX;
				ENABLE_HARDENED_RUNTIME = YES;
				ENABLE_PREVIEWS = YES;
				GENERATE_INFOPLIST_FILE = YES;
				INFOPLIST_KEY_NSHumanReadableCopyright = "";
				LD_RUNPATH_SEARCH_PATHS = (
					"$(inherited)",
					"@executable_path/../Frameworks",
				);
				MARKETING_VERSION = 1.0;
				PRODUCT_BUNDLE_IDENTIFIER = "apriorit.Concurrency-Explorer";
				PRODUCT_NAME = "$(TARGET_NAME)";
				SWIFT_EMIT_LOC_STRINGS = YES;
				SWIFT_VERSION = 5.0;
			};
			name = Release;
		};
/* End XCBuildConfiguration section */

/* Begin XCConfigurationList section */
		CE687AD72BFF6498009F96C8 /* Build configuration list for PBXProject "Concurrency Explorer" */ = {
			isa = XCConfigurationList;
			buildConfigurations = (
				CE687AE92BFF6499009F96C8 /* Debug */,
				CE687AEA2BFF6499009F96C8 /* Release */,
			);
			defaultConfigurationIsVisible = 0;
			defaultConfigurationName = Release;
		};
		CE687AEB2BFF6499009F96C8 /* Build configuration list for PBXNativeTarget "Concurrency Explorer" */ = {
			isa = XCConfigurationList;
			buildConfigurations = (
				CE687AEC2BFF6499009F96C8 /* Debug */,
				CE687AED2BFF6499009F96C8 /* Release */,
			);
			defaultConfigurationIsVisible = 0;
			defaultConfigurationName = Release;
		};
/* End XCConfigurationList section */
	};
	rootObject = CE687AD42BFF6498009F96C8 /* Project object */;
}
